
Microsoft Visual Studio Solution File, Format Version 12.00
# Visual Studio Version 16
VisualStudioVersion = 16.0.31624.102
MinimumVisualStudioVersion = 10.0.40219.1
Project("{FAE04EC0-301F-11D3-BF4B-00C04F79EFBC}") = "BlackJack", "BlackJack\BlackJack.csproj", "{B2DDDA53-548F-42E1-88C5-41B700F82BE8}"
EndProject
Global
	GlobalSection(SolutionConfigurationPlatforms) = preSolution
		Debug|Any CPU = Debug|Any CPU
		Release|Any CPU = Release|Any CPU
	EndGlobalSection
	GlobalSection(ProjectConfigurationPlatforms) = postSolution
		{B2DDDA53-548F-42E1-88C5-41B700F82BE8}.Debug|Any CPU.ActiveCfg = Debug|Any CPU
		{B2DDDA53-548F-42E1-88C5-41B700F82BE8}.Debug|Any CPU.Build.0 = Debug|Any CPU
		{B2DDDA53-548F-42E1-88C5-41B700F82BE8}.Release|Any CPU.ActiveCfg = Release|Any CPU
		{B2DDDA53-548F-42E1-88C5-41B700F82BE8}.Release|Any CPU.Build.0 = Release|Any CPU
	EndGlobalSection
	GlobalSection(SolutionProperties) = preSolution
		HideSolutionNode = FALSE
	EndGlobalSection
	GlobalSection(ExtensibilityGlobals) = postSolution
		SolutionGuid = {6BCCED31-E811-4BF4-8A11-5906D95582A5}
	EndGlobalSection
EndGlobal
